<Solution>
  <Project Path="CleanArchitectureLearnProject.AppHost/CleanArchitectureLearnProject.AppHost.csproj" />
  <Project Path="CleanArchitectureLearnProject.Application/CleanArchitectureLearnProject.Application.csproj" />
  <Project Path="CleanArchitectureLearnProject.Domain/CleanArchitectureLearnProject.Domain.csproj" />
  <Project Path="CleanArchitectureLearnProject.Infrastructure/CleanArchitectureLearnProject.Infrastructure.csproj" />
  <Project Path="CleanArchitectureLearnProject.ServiceDefaults/CleanArchitectureLearnProject.ServiceDefaults.csproj" />
  <Project Path="CleanArchitectureLearnProject.WebAPI/CleanArchitectureLearnProject.WebAPI.csproj" />
</Solution>
