<Solution>
  <Folder Name="/src/">
    <Project Path="src/CleanArchitectureLearnProject.AppHost/CleanArchitectureLearnProject.AppHost.csproj" />
    <Project Path="src/CleanArchitectureLearnProject.Application/CleanArchitectureLearnProject.Application.csproj" />
    <Project Path="src/CleanArchitectureLearnProject.Domain/CleanArchitectureLearnProject.Domain.csproj" />
    <Project Path="src/CleanArchitectureLearnProject.Infrastructure/CleanArchitectureLearnProject.Infrastructure.csproj" />
    <Project Path="src/CleanArchitectureLearnProject.ServiceDefaults/CleanArchitectureLearnProject.ServiceDefaults.csproj" />
    <Project Path="src/CleanArchitectureLearnProject.WebAPI/CleanArchitectureLearnProject.WebAPI.csproj" />
  </Folder>
  <Folder Name="/tests/" />
</Solution>
